
Microsoft Visual Studio Solution File, Format Version 12.00
# Visual Studio Version 17
VisualStudioVersion = 17.8.34112.27
MinimumVisualStudioVersion = 10.0.40219.1
Project("{FAE04EC0-301F-11D3-BF4B-00C04F79EFBC}") = "Power Store", "Power Store.csproj", "{516F07DA-A376-49E6-8DFC-B182ED19CD1A}"
EndProject
Global
	GlobalSection(SolutionConfigurationPlatforms) = preSolution
		Debug|Any CPU = Debug|Any CPU
		Release|Any CPU = Release|Any CPU
	EndGlobalSection
	GlobalSection(ProjectConfigurationPlatforms) = postSolution
		{516F07DA-A376-49E6-8DFC-B182ED19CD1A}.Debug|Any CPU.ActiveCfg = Debug|Any CPU
		{516F07DA-A376-49E6-8DFC-B182ED19CD1A}.Debug|Any CPU.Build.0 = Debug|Any CPU
		{516F07DA-A376-49E6-8DFC-B182ED19CD1A}.Release|Any CPU.ActiveCfg = Release|Any CPU
		{516F07DA-A376-49E6-8DFC-B182ED19CD1A}.Release|Any CPU.Build.0 = Release|Any CPU
	EndGlobalSection
	GlobalSection(SolutionProperties) = preSolution
		HideSolutionNode = FALSE
	EndGlobalSection
	GlobalSection(ExtensibilityGlobals) = postSolution
		SolutionGuid = {24501113-882D-46DF-9284-43AE6F60938F}
	EndGlobalSection
EndGlobal
